// !$*UTF8*$!
{
	archiveVersion = 1;
	classes = {
	};
	objectVersion = 56;
	objects = {

/* Begin PBXBuildFile section */
		7503D3DC29466D0600FFB37C /* BackgroundView.swift in Sources */ = {isa = PBXBuildFile; fileRef = 7503D3DB29466D0600FFB37C /* BackgroundView.swift */; };
		7503D3DE29466F8100FFB37C /* MainView2.swift in Sources */ = {isa = PBXBuildFile; fileRef = 7503D3DD29466F8100FFB37C /* MainView2.swift */; };
		7503D3E129467B5500FFB37C /* SwiftSoup in Frameworks */ = {isa = PBXBuildFile; productRef = 7503D3E029467B5500FFB37C /* SwiftSoup */; };
		7503D3E329467B9F00FFB37C /* WordScraper.swift in Sources */ = {isa = PBXBuildFile; fileRef = 7503D3E229467B9F00FFB37C /* WordScraper.swift */; };
		7509017D2937E1FB003D30D8 /* memorize3App.swift in Sources */ = {isa = PBXBuildFile; fileRef = 7509017C2937E1FB003D30D8 /* memorize3App.swift */; };
		7509017F2937E1FB003D30D8 /* ContentView.swift in Sources */ = {isa = PBXBuildFile; fileRef = 7509017E2937E1FB003D30D8 /* ContentView.swift */; };
		750901812937E1FC003D30D8 /* Assets.xcassets in Resources */ = {isa = PBXBuildFile; fileRef = 750901802937E1FC003D30D8 /* Assets.xcassets */; };
		750901842937E1FC003D30D8 /* Preview Assets.xcassets in Resources */ = {isa = PBXBuildFile; fileRef = 750901832937E1FC003D30D8 /* Preview Assets.xcassets */; };
		7509018B2937E2CA003D30D8 /* Test.swift in Sources */ = {isa = PBXBuildFile; fileRef = 7509018A2937E2CA003D30D8 /* Test.swift */; };
		7536668C29570FF400573E83 /* WorkoutView.swift in Sources */ = {isa = PBXBuildFile; fileRef = 7536668B29570FF400573E83 /* WorkoutView.swift */; };
		7539967E2953995300DF483A /* SearchBarView.swift in Sources */ = {isa = PBXBuildFile; fileRef = 7539967D2953995300DF483A /* SearchBarView.swift */; };
		7550E75C2951C83200970138 /* CustomTabView.swift in Sources */ = {isa = PBXBuildFile; fileRef = 7550E75B2951C83200970138 /* CustomTabView.swift */; };
		75746EE429534A900064FE2B /* AppTabBarView.swift in Sources */ = {isa = PBXBuildFile; fileRef = 75746EE329534A900064FE2B /* AppTabBarView.swift */; };
		75746EE629534AAB0064FE2B /* CustomTabBarContainerView.swift in Sources */ = {isa = PBXBuildFile; fileRef = 75746EE529534AAB0064FE2B /* CustomTabBarContainerView.swift */; };
		75746EE829534ABF0064FE2B /* CustomTabBarView.swift in Sources */ = {isa = PBXBuildFile; fileRef = 75746EE729534ABF0064FE2B /* CustomTabBarView.swift */; };
		75746EEA29534ACB0064FE2B /* TabBarItem.swift in Sources */ = {isa = PBXBuildFile; fileRef = 75746EE929534ACB0064FE2B /* TabBarItem.swift */; };
		75746EEC29534ADD0064FE2B /* TabBarItamsPreferenceKey.swift in Sources */ = {isa = PBXBuildFile; fileRef = 75746EEB29534ADD0064FE2B /* TabBarItamsPreferenceKey.swift */; };
		757724CD2939401B006E52B2 /* Montserrat-SemiBold.ttf in Resources */ = {isa = PBXBuildFile; fileRef = 757724CC2939401B006E52B2 /* Montserrat-SemiBold.ttf */; };
		757724CF29394063006E52B2 /* Kristi-Regular.ttf in Resources */ = {isa = PBXBuildFile; fileRef = 757724CE29394063006E52B2 /* Kristi-Regular.ttf */; };
		757724D229394A88006E52B2 /* MainView.swift in Sources */ = {isa = PBXBuildFile; fileRef = 757724D129394A88006E52B2 /* MainView.swift */; };
		757B45D3294DD2FC002FE839 /* PersistenceController.swift in Sources */ = {isa = PBXBuildFile; fileRef = 757B45D2294DD2FC002FE839 /* PersistenceController.swift */; };
		757B45D5294DD552002FE839 /* ListWordsView.swift in Sources */ = {isa = PBXBuildFile; fileRef = 757B45D4294DD552002FE839 /* ListWordsView.swift */; };
		758A161C29509CFC00A6AB3E /* Word-CoreDataHelper.swift in Sources */ = {isa = PBXBuildFile; fileRef = 758A161B29509CFC00A6AB3E /* Word-CoreDataHelper.swift */; };
		75A6848529504E9600251A56 /* WordDetailView.swift in Sources */ = {isa = PBXBuildFile; fileRef = 75A6848429504E9600251A56 /* WordDetailView.swift */; };
		75A902AD294F2B4000B995B3 /* CoreDataViewModel.swift in Sources */ = {isa = PBXBuildFile; fileRef = 75A902AC294F2B4000B995B3 /* CoreDataViewModel.swift */; };
		75A902B3294F38EF00B995B3 /* HomeView.swift in Sources */ = {isa = PBXBuildFile; fileRef = 75A902B2294F38EF00B995B3 /* HomeView.swift */; };
		75A902B5294F392C00B995B3 /* BackgroundView2.swift in Sources */ = {isa = PBXBuildFile; fileRef = 75A902B4294F392C00B995B3 /* BackgroundView2.swift */; };
		75A902B9294F552300B995B3 /* PreviewModel.swift in Sources */ = {isa = PBXBuildFile; fileRef = 75A902B8294F552300B995B3 /* PreviewModel.swift */; };
		75B0EE24294CB6E200FA85F6 /* Main.xcdatamodeld in Sources */ = {isa = PBXBuildFile; fileRef = 75B0EE22294CB6E200FA85F6 /* Main.xcdatamodeld */; };
		75B0EE26294CB88200FA85F6 /* words.json in Resources */ = {isa = PBXBuildFile; fileRef = 75B0EE25294CB88200FA85F6 /* words.json */; };
		75B0EE28294CB8AF00FA85F6 /* DataController.swift in Sources */ = {isa = PBXBuildFile; fileRef = 75B0EE27294CB8AF00FA85F6 /* DataController.swift */; };
		75FEDDCE294CC5B6000623F4 /* words_.json in Resources */ = {isa = PBXBuildFile; fileRef = 75FEDDCD294CC5B6000623F4 /* words_.json */; };
/* End PBXBuildFile section */

/* Begin PBXFileReference section */
		7503D3DB29466D0600FFB37C /* BackgroundView.swift */ = {isa = PBXFileReference; lastKnownFileType = sourcecode.swift; path = BackgroundView.swift; sourceTree = "<group>"; };
		7503D3DD29466F8100FFB37C /* MainView2.swift */ = {isa = PBXFileReference; lastKnownFileType = sourcecode.swift; path = MainView2.swift; sourceTree = "<group>"; };
		7503D3E229467B9F00FFB37C /* WordScraper.swift */ = {isa = PBXFileReference; lastKnownFileType = sourcecode.swift; path = WordScraper.swift; sourceTree = "<group>"; };
		750901792937E1FB003D30D8 /* memorize3.app */ = {isa = PBXFileReference; explicitFileType = wrapper.application; includeInIndex = 0; path = memorize3.app; sourceTree = BUILT_PRODUCTS_DIR; };
		7509017C2937E1FB003D30D8 /* memorize3App.swift */ = {isa = PBXFileReference; lastKnownFileType = sourcecode.swift; path = memorize3App.swift; sourceTree = "<group>"; };
		7509017E2937E1FB003D30D8 /* ContentView.swift */ = {isa = PBXFileReference; lastKnownFileType = sourcecode.swift; path = ContentView.swift; sourceTree = "<group>"; };
		750901802937E1FC003D30D8 /* Assets.xcassets */ = {isa = PBXFileReference; lastKnownFileType = folder.assetcatalog; path = Assets.xcassets; sourceTree = "<group>"; };
		750901832937E1FC003D30D8 /* Preview Assets.xcassets */ = {isa = PBXFileReference; lastKnownFileType = folder.assetcatalog; path = "Preview Assets.xcassets"; sourceTree = "<group>"; };
		7509018A2937E2CA003D30D8 /* Test.swift */ = {isa = PBXFileReference; lastKnownFileType = sourcecode.swift; path = Test.swift; sourceTree = "<group>"; };
		7536668B29570FF400573E83 /* WorkoutView.swift */ = {isa = PBXFileReference; lastKnownFileType = sourcecode.swift; path = WorkoutView.swift; sourceTree = "<group>"; };
		7539967D2953995300DF483A /* SearchBarView.swift */ = {isa = PBXFileReference; lastKnownFileType = sourcecode.swift; path = SearchBarView.swift; sourceTree = "<group>"; };
		7550E75B2951C83200970138 /* CustomTabView.swift */ = {isa = PBXFileReference; lastKnownFileType = sourcecode.swift; path = CustomTabView.swift; sourceTree = "<group>"; };
		75746EE329534A900064FE2B /* AppTabBarView.swift */ = {isa = PBXFileReference; lastKnownFileType = sourcecode.swift; path = AppTabBarView.swift; sourceTree = "<group>"; };
		75746EE529534AAB0064FE2B /* CustomTabBarContainerView.swift */ = {isa = PBXFileReference; lastKnownFileType = sourcecode.swift; path = CustomTabBarContainerView.swift; sourceTree = "<group>"; };
		75746EE729534ABF0064FE2B /* CustomTabBarView.swift */ = {isa = PBXFileReference; lastKnownFileType = sourcecode.swift; path = CustomTabBarView.swift; sourceTree = "<group>"; };
		75746EE929534ACB0064FE2B /* TabBarItem.swift */ = {isa = PBXFileReference; lastKnownFileType = sourcecode.swift; path = TabBarItem.swift; sourceTree = "<group>"; };
		75746EEB29534ADD0064FE2B /* TabBarItamsPreferenceKey.swift */ = {isa = PBXFileReference; lastKnownFileType = sourcecode.swift; path = TabBarItamsPreferenceKey.swift; sourceTree = "<group>"; };
		757724CC2939401B006E52B2 /* Montserrat-SemiBold.ttf */ = {isa = PBXFileReference; lastKnownFileType = file; path = "Montserrat-SemiBold.ttf"; sourceTree = "<group>"; };
		757724CE29394063006E52B2 /* Kristi-Regular.ttf */ = {isa = PBXFileReference; lastKnownFileType = file; path = "Kristi-Regular.ttf"; sourceTree = "<group>"; };
		757724D029394220006E52B2 /* Info.plist */ = {isa = PBXFileReference; lastKnownFileType = text.plist; path = Info.plist; sourceTree = "<group>"; };
		757724D129394A88006E52B2 /* MainView.swift */ = {isa = PBXFileReference; lastKnownFileType = sourcecode.swift; path = MainView.swift; sourceTree = "<group>"; };
		757B45D2294DD2FC002FE839 /* PersistenceController.swift */ = {isa = PBXFileReference; lastKnownFileType = sourcecode.swift; path = PersistenceController.swift; sourceTree = "<group>"; };
		757B45D4294DD552002FE839 /* ListWordsView.swift */ = {isa = PBXFileReference; lastKnownFileType = sourcecode.swift; path = ListWordsView.swift; sourceTree = "<group>"; };
		758A161B29509CFC00A6AB3E /* Word-CoreDataHelper.swift */ = {isa = PBXFileReference; lastKnownFileType = sourcecode.swift; path = "Word-CoreDataHelper.swift"; sourceTree = "<group>"; };
		75A6848429504E9600251A56 /* WordDetailView.swift */ = {isa = PBXFileReference; lastKnownFileType = sourcecode.swift; path = WordDetailView.swift; sourceTree = "<group>"; };
		75A902AC294F2B4000B995B3 /* CoreDataViewModel.swift */ = {isa = PBXFileReference; lastKnownFileType = sourcecode.swift; path = CoreDataViewModel.swift; sourceTree = "<group>"; };
		75A902B2294F38EF00B995B3 /* HomeView.swift */ = {isa = PBXFileReference; lastKnownFileType = sourcecode.swift; path = HomeView.swift; sourceTree = "<group>"; };
		75A902B4294F392C00B995B3 /* BackgroundView2.swift */ = {isa = PBXFileReference; lastKnownFileType = sourcecode.swift; path = BackgroundView2.swift; sourceTree = "<group>"; };
		75A902B8294F552300B995B3 /* PreviewModel.swift */ = {isa = PBXFileReference; lastKnownFileType = sourcecode.swift; path = PreviewModel.swift; sourceTree = "<group>"; };
		75B0EE23294CB6E200FA85F6 /* Main.xcdatamodel */ = {isa = PBXFileReference; lastKnownFileType = wrapper.xcdatamodel; path = Main.xcdatamodel; sourceTree = "<group>"; };
		75B0EE25294CB88200FA85F6 /* words.json */ = {isa = PBXFileReference; fileEncoding = 4; lastKnownFileType = text.json; path = words.json; sourceTree = "<group>"; };
		75B0EE27294CB8AF00FA85F6 /* DataController.swift */ = {isa = PBXFileReference; lastKnownFileType = sourcecode.swift; path = DataController.swift; sourceTree = "<group>"; };
		75FEDDCD294CC5B6000623F4 /* words_.json */ = {isa = PBXFileReference; fileEncoding = 4; lastKnownFileType = text.json; path = words_.json; sourceTree = "<group>"; };
/* End PBXFileReference section */

/* Begin PBXFrameworksBuildPhase section */
		750901762937E1FB003D30D8 /* Frameworks */ = {
			isa = PBXFrameworksBuildPhase;
			buildActionMask = 2147483647;
			files = (
				7503D3E129467B5500FFB37C /* SwiftSoup in Frameworks */,
			);
			runOnlyForDeploymentPostprocessing = 0;
		};
/* End PBXFrameworksBuildPhase section */

/* Begin PBXGroup section */
		750901702937E1FB003D30D8 = {
			isa = PBXGroup;
			children = (
				7509017B2937E1FB003D30D8 /* memorize3 */,
				7509017A2937E1FB003D30D8 /* Products */,
			);
			sourceTree = "<group>";
		};
		7509017A2937E1FB003D30D8 /* Products */ = {
			isa = PBXGroup;
			children = (
				750901792937E1FB003D30D8 /* memorize3.app */,
			);
			name = Products;
			sourceTree = "<group>";
		};
		7509017B2937E1FB003D30D8 /* memorize3 */ = {
			isa = PBXGroup;
			children = (
				75746EE229534A4A0064FE2B /* CustomTabBar */,
				75A902AE294F305400B995B3 /* toDelete */,
				7550E75A2951C48500970138 /* Helpers */,
				75A902AF294F306D00B995B3 /* Data */,
				757724CB29393FFC006E52B2 /* Fonts */,
				75A902B0294F308000B995B3 /* ViewModel */,
				75A902B1294F30C100B995B3 /* Views */,
				757724D029394220006E52B2 /* Info.plist */,
				7509017C2937E1FB003D30D8 /* memorize3App.swift */,
				757724D129394A88006E52B2 /* MainView.swift */,
				7503D3DD29466F8100FFB37C /* MainView2.swift */,
				75B0EE22294CB6E200FA85F6 /* Main.xcdatamodeld */,
				750901802937E1FC003D30D8 /* Assets.xcassets */,
				750901822937E1FC003D30D8 /* Preview Content */,
			);
			path = memorize3;
			sourceTree = "<group>";
		};
		750901822937E1FC003D30D8 /* Preview Content */ = {
			isa = PBXGroup;
			children = (
				750901832937E1FC003D30D8 /* Preview Assets.xcassets */,
			);
			path = "Preview Content";
			sourceTree = "<group>";
		};
		7550E75A2951C48500970138 /* Helpers */ = {
			isa = PBXGroup;
			children = (
				7503D3E229467B9F00FFB37C /* WordScraper.swift */,
				758A161B29509CFC00A6AB3E /* Word-CoreDataHelper.swift */,
			);
			path = Helpers;
			sourceTree = "<group>";
		};
		75746EE229534A4A0064FE2B /* CustomTabBar */ = {
			isa = PBXGroup;
			children = (
				75746EE329534A900064FE2B /* AppTabBarView.swift */,
				75746EE529534AAB0064FE2B /* CustomTabBarContainerView.swift */,
				75746EE729534ABF0064FE2B /* CustomTabBarView.swift */,
				75746EE929534ACB0064FE2B /* TabBarItem.swift */,
				75746EEB29534ADD0064FE2B /* TabBarItamsPreferenceKey.swift */,
			);
			path = CustomTabBar;
			sourceTree = "<group>";
		};
		757724CB29393FFC006E52B2 /* Fonts */ = {
			isa = PBXGroup;
			children = (
				757724CC2939401B006E52B2 /* Montserrat-SemiBold.ttf */,
				757724CE29394063006E52B2 /* Kristi-Regular.ttf */,
			);
			path = Fonts;
			sourceTree = "<group>";
		};
		75A902AE294F305400B995B3 /* toDelete */ = {
			isa = PBXGroup;
			children = (
				7550E75B2951C83200970138 /* CustomTabView.swift */,
				7509018A2937E2CA003D30D8 /* Test.swift */,
				7503D3DB29466D0600FFB37C /* BackgroundView.swift */,
				757B45D2294DD2FC002FE839 /* PersistenceController.swift */,
				75B0EE27294CB8AF00FA85F6 /* DataController.swift */,
			);
			path = toDelete;
			sourceTree = "<group>";
		};
		75A902AF294F306D00B995B3 /* Data */ = {
			isa = PBXGroup;
			children = (
				75B0EE25294CB88200FA85F6 /* words.json */,
				75FEDDCD294CC5B6000623F4 /* words_.json */,
			);
			path = Data;
			sourceTree = "<group>";
		};
		75A902B0294F308000B995B3 /* ViewModel */ = {
			isa = PBXGroup;
			children = (
				75A902AC294F2B4000B995B3 /* CoreDataViewModel.swift */,
				75A902B8294F552300B995B3 /* PreviewModel.swift */,
			);
			path = ViewModel;
			sourceTree = "<group>";
		};
		75A902B1294F30C100B995B3 /* Views */ = {
			isa = PBXGroup;
			children = (
				7509017E2937E1FB003D30D8 /* ContentView.swift */,
				75A6848429504E9600251A56 /* WordDetailView.swift */,
				75A902B2294F38EF00B995B3 /* HomeView.swift */,
				757B45D4294DD552002FE839 /* ListWordsView.swift */,
				7536668B29570FF400573E83 /* WorkoutView.swift */,
				7539967D2953995300DF483A /* SearchBarView.swift */,
				75A902B4294F392C00B995B3 /* BackgroundView2.swift */,
			);
			path = Views;
			sourceTree = "<group>";
		};
/* End PBXGroup section */

/* Begin PBXNativeTarget section */
		750901782937E1FB003D30D8 /* memorize3 */ = {
			isa = PBXNativeTarget;
			buildConfigurationList = 750901872937E1FC003D30D8 /* Build configuration list for PBXNativeTarget "memorize3" */;
			buildPhases = (
				750901752937E1FB003D30D8 /* Sources */,
				750901762937E1FB003D30D8 /* Frameworks */,
				750901772937E1FB003D30D8 /* Resources */,
			);
			buildRules = (
			);
			dependencies = (
			);
			name = memorize3;
			packageProductDependencies = (
				7503D3E029467B5500FFB37C /* SwiftSoup */,
			);
			productName = memorize3;
			productReference = 750901792937E1FB003D30D8 /* memorize3.app */;
			productType = "com.apple.product-type.application";
		};
/* End PBXNativeTarget section */

/* Begin PBXProject section */
		750901712937E1FB003D30D8 /* Project object */ = {
			isa = PBXProject;
			attributes = {
				BuildIndependentTargetsInParallel = 1;
				LastSwiftUpdateCheck = 1400;
				LastUpgradeCheck = 1400;
				TargetAttributes = {
					750901782937E1FB003D30D8 = {
						CreatedOnToolsVersion = 14.0.1;
					};
				};
			};
			buildConfigurationList = 750901742937E1FB003D30D8 /* Build configuration list for PBXProject "memorize3" */;
			compatibilityVersion = "Xcode 14.0";
			developmentRegion = en;
			hasScannedForEncodings = 0;
			knownRegions = (
				en,
				Base,
			);
			mainGroup = 750901702937E1FB003D30D8;
			packageReferences = (
				7503D3DF29467B5500FFB37C /* XCRemoteSwiftPackageReference "SwiftSoup" */,
			);
			productRefGroup = 7509017A2937E1FB003D30D8 /* Products */;
			projectDirPath = "";
			projectRoot = "";
			targets = (
				750901782937E1FB003D30D8 /* memorize3 */,
			);
		};
/* End PBXProject section */

/* Begin PBXResourcesBuildPhase section */
		750901772937E1FB003D30D8 /* Resources */ = {
			isa = PBXResourcesBuildPhase;
			buildActionMask = 2147483647;
			files = (
				757724CD2939401B006E52B2 /* Montserrat-SemiBold.ttf in Resources */,
				75FEDDCE294CC5B6000623F4 /* words_.json in Resources */,
				750901842937E1FC003D30D8 /* Preview Assets.xcassets in Resources */,
				750901812937E1FC003D30D8 /* Assets.xcassets in Resources */,
				757724CF29394063006E52B2 /* Kristi-Regular.ttf in Resources */,
				75B0EE26294CB88200FA85F6 /* words.json in Resources */,
			);
			runOnlyForDeploymentPostprocessing = 0;
		};
/* End PBXResourcesBuildPhase section */

/* Begin PBXSourcesBuildPhase section */
		750901752937E1FB003D30D8 /* Sources */ = {
			isa = PBXSourcesBuildPhase;
			buildActionMask = 2147483647;
			files = (
				75746EE829534ABF0064FE2B /* CustomTabBarView.swift in Sources */,
				7503D3DC29466D0600FFB37C /* BackgroundView.swift in Sources */,
				75A902AD294F2B4000B995B3 /* CoreDataViewModel.swift in Sources */,
				75A902B3294F38EF00B995B3 /* HomeView.swift in Sources */,
				7539967E2953995300DF483A /* SearchBarView.swift in Sources */,
				75746EEA29534ACB0064FE2B /* TabBarItem.swift in Sources */,
				7509017F2937E1FB003D30D8 /* ContentView.swift in Sources */,
				7503D3E329467B9F00FFB37C /* WordScraper.swift in Sources */,
				75A902B5294F392C00B995B3 /* BackgroundView2.swift in Sources */,
				7503D3DE29466F8100FFB37C /* MainView2.swift in Sources */,
				75B0EE28294CB8AF00FA85F6 /* DataController.swift in Sources */,
				757724D229394A88006E52B2 /* MainView.swift in Sources */,
				75A6848529504E9600251A56 /* WordDetailView.swift in Sources */,
				7509017D2937E1FB003D30D8 /* memorize3App.swift in Sources */,
				7536668C29570FF400573E83 /* WorkoutView.swift in Sources */,
				757B45D5294DD552002FE839 /* ListWordsView.swift in Sources */,
				75B0EE24294CB6E200FA85F6 /* Main.xcdatamodeld in Sources */,
				7509018B2937E2CA003D30D8 /* Test.swift in Sources */,
				757B45D3294DD2FC002FE839 /* PersistenceController.swift in Sources */,
				75746EE429534A900064FE2B /* AppTabBarView.swift in Sources */,
				7550E75C2951C83200970138 /* CustomTabView.swift in Sources */,
				758A161C29509CFC00A6AB3E /* Word-CoreDataHelper.swift in Sources */,
				75A902B9294F552300B995B3 /* PreviewModel.swift in Sources */,
				75746EE629534AAB0064FE2B /* CustomTabBarContainerView.swift in Sources */,
				75746EEC29534ADD0064FE2B /* TabBarItamsPreferenceKey.swift in Sources */,
			);
			runOnlyForDeploymentPostprocessing = 0;
		};
/* End PBXSourcesBuildPhase section */

/* Begin XCBuildConfiguration section */
		750901852937E1FC003D30D8 /* Debug */ = {
			isa = XCBuildConfiguration;
			buildSettings = {
				ALWAYS_SEARCH_USER_PATHS = NO;
				CLANG_ANALYZER_NONNULL = YES;
				CLANG_ANALYZER_NUMBER_OBJECT_CONVERSION = YES_AGGRESSIVE;
				CLANG_CXX_LANGUAGE_STANDARD = "gnu++20";
				CLANG_ENABLE_MODULES = YES;
				CLANG_ENABLE_OBJC_ARC = YES;
				CLANG_ENABLE_OBJC_WEAK = YES;
				CLANG_WARN_BLOCK_CAPTURE_AUTORELEASING = YES;
				CLANG_WARN_BOOL_CONVERSION = YES;
				CLANG_WARN_COMMA = YES;
				CLANG_WARN_CONSTANT_CONVERSION = YES;
				CLANG_WARN_DEPRECATED_OBJC_IMPLEMENTATIONS = YES;
				CLANG_WARN_DIRECT_OBJC_ISA_USAGE = YES_ERROR;
				CLANG_WARN_DOCUMENTATION_COMMENTS = YES;
				CLANG_WARN_EMPTY_BODY = YES;
				CLANG_WARN_ENUM_CONVERSION = YES;
				CLANG_WARN_INFINITE_RECURSION = YES;
				CLANG_WARN_INT_CONVERSION = YES;
				CLANG_WARN_NON_LITERAL_NULL_CONVERSION = YES;
				CLANG_WARN_OBJC_IMPLICIT_RETAIN_SELF = YES;
				CLANG_WARN_OBJC_LITERAL_CONVERSION = YES;
				CLANG_WARN_OBJC_ROOT_CLASS = YES_ERROR;
				CLANG_WARN_QUOTED_INCLUDE_IN_FRAMEWORK_HEADER = YES;
				CLANG_WARN_RANGE_LOOP_ANALYSIS = YES;
				CLANG_WARN_STRICT_PROTOTYPES = YES;
				CLANG_WARN_SUSPICIOUS_MOVE = YES;
				CLANG_WARN_UNGUARDED_AVAILABILITY = YES_AGGRESSIVE;
				CLANG_WARN_UNREACHABLE_CODE = YES;
				CLANG_WARN__DUPLICATE_METHOD_MATCH = YES;
				COPY_PHASE_STRIP = NO;
				DEBUG_INFORMATION_FORMAT = dwarf;
				ENABLE_STRICT_OBJC_MSGSEND = YES;
				ENABLE_TESTABILITY = YES;
				GCC_C_LANGUAGE_STANDARD = gnu11;
				GCC_DYNAMIC_NO_PIC = NO;
				GCC_NO_COMMON_BLOCKS = YES;
				GCC_OPTIMIZATION_LEVEL = 0;
				GCC_PREPROCESSOR_DEFINITIONS = (
					"DEBUG=1",
					"$(inherited)",
				);
				GCC_WARN_64_TO_32_BIT_CONVERSION = YES;
				GCC_WARN_ABOUT_RETURN_TYPE = YES_ERROR;
				GCC_WARN_UNDECLARED_SELECTOR = YES;
				GCC_WARN_UNINITIALIZED_AUTOS = YES_AGGRESSIVE;
				GCC_WARN_UNUSED_FUNCTION = YES;
				GCC_WARN_UNUSED_VARIABLE = YES;
				IPHONEOS_DEPLOYMENT_TARGET = 16.0;
				MTL_ENABLE_DEBUG_INFO = INCLUDE_SOURCE;
				MTL_FAST_MATH = YES;
				ONLY_ACTIVE_ARCH = YES;
				SDKROOT = iphoneos;
				SWIFT_ACTIVE_COMPILATION_CONDITIONS = DEBUG;
				SWIFT_OPTIMIZATION_LEVEL = "-Onone";
			};
			name = Debug;
		};
		750901862937E1FC003D30D8 /* Release */ = {
			isa = XCBuildConfiguration;
			buildSettings = {
				ALWAYS_SEARCH_USER_PATHS = NO;
				CLANG_ANALYZER_NONNULL = YES;
				CLANG_ANALYZER_NUMBER_OBJECT_CONVERSION = YES_AGGRESSIVE;
				CLANG_CXX_LANGUAGE_STANDARD = "gnu++20";
				CLANG_ENABLE_MODULES = YES;
				CLANG_ENABLE_OBJC_ARC = YES;
				CLANG_ENABLE_OBJC_WEAK = YES;
				CLANG_WARN_BLOCK_CAPTURE_AUTORELEASING = YES;
				CLANG_WARN_BOOL_CONVERSION = YES;
				CLANG_WARN_COMMA = YES;
				CLANG_WARN_CONSTANT_CONVERSION = YES;
				CLANG_WARN_DEPRECATED_OBJC_IMPLEMENTATIONS = YES;
				CLANG_WARN_DIRECT_OBJC_ISA_USAGE = YES_ERROR;
				CLANG_WARN_DOCUMENTATION_COMMENTS = YES;
				CLANG_WARN_EMPTY_BODY = YES;
				CLANG_WARN_ENUM_CONVERSION = YES;
				CLANG_WARN_INFINITE_RECURSION = YES;
				CLANG_WARN_INT_CONVERSION = YES;
				CLANG_WARN_NON_LITERAL_NULL_CONVERSION = YES;
				CLANG_WARN_OBJC_IMPLICIT_RETAIN_SELF = YES;
				CLANG_WARN_OBJC_LITERAL_CONVERSION = YES;
				CLANG_WARN_OBJC_ROOT_CLASS = YES_ERROR;
				CLANG_WARN_QUOTED_INCLUDE_IN_FRAMEWORK_HEADER = YES;
				CLANG_WARN_RANGE_LOOP_ANALYSIS = YES;
				CLANG_WARN_STRICT_PROTOTYPES = YES;
				CLANG_WARN_SUSPICIOUS_MOVE = YES;
				CLANG_WARN_UNGUARDED_AVAILABILITY = YES_AGGRESSIVE;
				CLANG_WARN_UNREACHABLE_CODE = YES;
				CLANG_WARN__DUPLICATE_METHOD_MATCH = YES;
				COPY_PHASE_STRIP = NO;
				DEBUG_INFORMATION_FORMAT = "dwarf-with-dsym";
				ENABLE_NS_ASSERTIONS = NO;
				ENABLE_STRICT_OBJC_MSGSEND = YES;
				GCC_C_LANGUAGE_STANDARD = gnu11;
				GCC_NO_COMMON_BLOCKS = YES;
				GCC_WARN_64_TO_32_BIT_CONVERSION = YES;
				GCC_WARN_ABOUT_RETURN_TYPE = YES_ERROR;
				GCC_WARN_UNDECLARED_SELECTOR = YES;
				GCC_WARN_UNINITIALIZED_AUTOS = YES_AGGRESSIVE;
				GCC_WARN_UNUSED_FUNCTION = YES;
				GCC_WARN_UNUSED_VARIABLE = YES;
				IPHONEOS_DEPLOYMENT_TARGET = 16.0;
				MTL_ENABLE_DEBUG_INFO = NO;
				MTL_FAST_MATH = YES;
				SDKROOT = iphoneos;
				SWIFT_COMPILATION_MODE = wholemodule;
				SWIFT_OPTIMIZATION_LEVEL = "-O";
				VALIDATE_PRODUCT = YES;
			};
			name = Release;
		};
		750901882937E1FC003D30D8 /* Debug */ = {
			isa = XCBuildConfiguration;
			buildSettings = {
				ASSETCATALOG_COMPILER_APPICON_NAME = AppIcon;
				ASSETCATALOG_COMPILER_GLOBAL_ACCENT_COLOR_NAME = AccentColor;
				CODE_SIGN_STYLE = Automatic;
				CURRENT_PROJECT_VERSION = 1;
				DEVELOPMENT_ASSET_PATHS = "\"memorize3/Preview Content\"";
				DEVELOPMENT_TEAM = VNM9C9XFKT;
				ENABLE_PREVIEWS = YES;
				GENERATE_INFOPLIST_FILE = YES;
				INFOPLIST_FILE = memorize3/Info.plist;
				INFOPLIST_KEY_UIApplicationSceneManifest_Generation = YES;
				INFOPLIST_KEY_UIApplicationSupportsIndirectInputEvents = YES;
				INFOPLIST_KEY_UILaunchScreen_Generation = YES;
				INFOPLIST_KEY_UISupportedInterfaceOrientations_iPad = "UIInterfaceOrientationPortrait UIInterfaceOrientationPortraitUpsideDown UIInterfaceOrientationLandscapeLeft UIInterfaceOrientationLandscapeRight";
				INFOPLIST_KEY_UISupportedInterfaceOrientations_iPhone = "UIInterfaceOrientationPortrait UIInterfaceOrientationLandscapeLeft UIInterfaceOrientationLandscapeRight";
				LD_RUNPATH_SEARCH_PATHS = (
					"$(inherited)",
					"@executable_path/Frameworks",
				);
				MARKETING_VERSION = 1.0;
				PRODUCT_BUNDLE_IDENTIFIER = com.ssoft.memorize3;
				PRODUCT_NAME = "$(TARGET_NAME)";
				SWIFT_EMIT_LOC_STRINGS = YES;
				SWIFT_VERSION = 5.0;
				TARGETED_DEVICE_FAMILY = "1,2";
			};
			name = Debug;
		};
		750901892937E1FC003D30D8 /* Release */ = {
			isa = XCBuildConfiguration;
			buildSettings = {
				ASSETCATALOG_COMPILER_APPICON_NAME = AppIcon;
				ASSETCATALOG_COMPILER_GLOBAL_ACCENT_COLOR_NAME = AccentColor;
				CODE_SIGN_STYLE = Automatic;
				CURRENT_PROJECT_VERSION = 1;
				DEVELOPMENT_ASSET_PATHS = "\"memorize3/Preview Content\"";
				DEVELOPMENT_TEAM = VNM9C9XFKT;
				ENABLE_PREVIEWS = YES;
				GENERATE_INFOPLIST_FILE = YES;
				INFOPLIST_FILE = memorize3/Info.plist;
				INFOPLIST_KEY_UIApplicationSceneManifest_Generation = YES;
				INFOPLIST_KEY_UIApplicationSupportsIndirectInputEvents = YES;
				INFOPLIST_KEY_UILaunchScreen_Generation = YES;
				INFOPLIST_KEY_UISupportedInterfaceOrientations_iPad = "UIInterfaceOrientationPortrait UIInterfaceOrientationPortraitUpsideDown UIInterfaceOrientationLandscapeLeft UIInterfaceOrientationLandscapeRight";
				INFOPLIST_KEY_UISupportedInterfaceOrientations_iPhone = "UIInterfaceOrientationPortrait UIInterfaceOrientationLandscapeLeft UIInterfaceOrientationLandscapeRight";
				LD_RUNPATH_SEARCH_PATHS = (
					"$(inherited)",
					"@executable_path/Frameworks",
				);
				MARKETING_VERSION = 1.0;
				PRODUCT_BUNDLE_IDENTIFIER = com.ssoft.memorize3;
				PRODUCT_NAME = "$(TARGET_NAME)";
				SWIFT_EMIT_LOC_STRINGS = YES;
				SWIFT_VERSION = 5.0;
				TARGETED_DEVICE_FAMILY = "1,2";
			};
			name = Release;
		};
/* End XCBuildConfiguration section */

/* Begin XCConfigurationList section */
		750901742937E1FB003D30D8 /* Build configuration list for PBXProject "memorize3" */ = {
			isa = XCConfigurationList;
			buildConfigurations = (
				750901852937E1FC003D30D8 /* Debug */,
				750901862937E1FC003D30D8 /* Release */,
			);
			defaultConfigurationIsVisible = 0;
			defaultConfigurationName = Release;
		};
		750901872937E1FC003D30D8 /* Build configuration list for PBXNativeTarget "memorize3" */ = {
			isa = XCConfigurationList;
			buildConfigurations = (
				750901882937E1FC003D30D8 /* Debug */,
				750901892937E1FC003D30D8 /* Release */,
			);
			defaultConfigurationIsVisible = 0;
			defaultConfigurationName = Release;
		};
/* End XCConfigurationList section */

/* Begin XCRemoteSwiftPackageReference section */
		7503D3DF29467B5500FFB37C /* XCRemoteSwiftPackageReference "SwiftSoup" */ = {
			isa = XCRemoteSwiftPackageReference;
			repositoryURL = "https://github.com/scinfu/SwiftSoup.git";
			requirement = {
				kind = upToNextMajorVersion;
				minimumVersion = 2.0.0;
			};
		};
/* End XCRemoteSwiftPackageReference section */

/* Begin XCSwiftPackageProductDependency section */
		7503D3E029467B5500FFB37C /* SwiftSoup */ = {
			isa = XCSwiftPackageProductDependency;
			package = 7503D3DF29467B5500FFB37C /* XCRemoteSwiftPackageReference "SwiftSoup" */;
			productName = SwiftSoup;
		};
/* End XCSwiftPackageProductDependency section */

/* Begin XCVersionGroup section */
		75B0EE22294CB6E200FA85F6 /* Main.xcdatamodeld */ = {
			isa = XCVersionGroup;
			children = (
				75B0EE23294CB6E200FA85F6 /* Main.xcdatamodel */,
			);
			currentVersion = 75B0EE23294CB6E200FA85F6 /* Main.xcdatamodel */;
			path = Main.xcdatamodeld;
			sourceTree = "<group>";
			versionGroupType = wrapper.xcdatamodel;
		};
/* End XCVersionGroup section */
	};
	rootObject = 750901712937E1FB003D30D8 /* Project object */;
}
